{
  "name": "node-red-contrib-fs",
  "version": "1.1.1",
  "lockfileVersion": 1,
  "requires": true,
  "dependencies": {
    "picomatch": {
      "version": "2.0.7",
      "resolved": "https://registry.npmjs.org/picomatch/-/picomatch-2.0.7.tgz",
      "integrity": "sha512-oLHIdio3tZ0qH76NybpeneBhYVj0QFTfXEFTc/B3zKQspYfYYkWYgFsmzo+4kvId/bQRcNkVeguI3y+CD22BtA=="
    },
    "readdirp": {
      "version": "3.1.3",
      "resolved": "https://registry.npmjs.org/readdirp/-/readdirp-3.1.3.tgz",
      "integrity": "sha512-ZOsfTGkjO2kqeR5Mzr5RYDbTGYneSkdNKX2fOX2P5jF7vMrd/GNnIAUtDldeHHumHUCQ3V05YfWUdxMPAsRu9Q==",
      "requires": {
        "picomatch": "^2.0.4"
      }
    }
  }
}
